PODS:
  - razorpay-banking-wrapper-sdk (1.0.0):
    - razorpay-pod (>= 1.4.1)
  - razorpay-core-pod (1.0.3)
  - razorpay-pod (1.5.2):
    - razorpay-core-pod (= 1.0.3)

DEPENDENCIES:
  - razorpay-banking-wrapper-sdk (from `..`)

SPEC REPOS:
  trunk:
    - razorpay-core-pod
    - razorpay-pod

EXTERNAL SOURCES:
  razorpay-banking-wrapper-sdk:
    :path: ".."

SPEC CHECKSUMS:
  razorpay-banking-wrapper-sdk: 421fa8c6332fedfe9eebc6d17143ce42d13f4290
  razorpay-core-pod: ef0309dbf8e3e5a1330f6cad89dcf9226d8ef758
  razorpay-pod: a9cb6e158aee8754053b147008eff6b4897789c8

PODFILE CHECKSUM: c1223b700a5aad92589a209e0a7b9a07494ce109

COCOAPODS: 1.16.2
